// !$*UTF8*$!
{
	archiveVersion = 1;
	classes = {
	};
	objectVersion = 56;
	objects = {

/* Begin PBXBuildFile section */
		0EBC7A3529F7EAFA36891A27 /* TogglePlaybackIntent.swift in Sources */ = {isa = PBXBuildFile; fileRef = 39F5B1DB43F59DA18267798F /* TogglePlaybackIntent.swift */; };
		1800B61A39D9BBFFCF68702A /* MetronomeActivityAttributes.swift in Sources */ = {isa = PBXBuildFile; fileRef = 2DF26192AEE8A64EBD0AB7EE /* MetronomeActivityAttributes.swift */; };
		4F09221F8AFE9BA28EF42FAE /* MetronomeLiveActivityManager.swift in Sources */ = {isa = PBXBuildFile; fileRef = AD04B47EF44FC631F290B988 /* MetronomeLiveActivityManager.swift */; };
		721E3D530C4A0050AC27866F /* MetronomeWidgetsBundle.swift in Sources */ = {isa = PBXBuildFile; fileRef = 01575CC13E3A1E3AD8708BE1 /* MetronomeWidgetsBundle.swift */; };
		73274C484C26C38DD85E1411 /* Foundation.framework in Frameworks */ = {isa = PBXBuildFile; fileRef = 9587F905A9AE1187FC2B4DFE /* Foundation.framework */; };
		7555FF7F242A565900829871 /* iOSApp.swift in Sources */ = {isa = PBXBuildFile; fileRef = 7555FF7E242A565900829871 /* iOSApp.swift */; };
		7555FF81242A565900829871 /* ContentView.swift in Sources */ = {isa = PBXBuildFile; fileRef = 7555FF80242A565900829871 /* ContentView.swift */; };
		7555FF83242A565B00829871 /* Assets.xcassets in Resources */ = {isa = PBXBuildFile; fileRef = 7555FF82242A565B00829871 /* Assets.xcassets */; };
		A1B2C3D4E5F60001AABBCCDD /* wood.mp3 in Resources */ = {isa = PBXBuildFile; fileRef = A1B2C3D4E5F60002AABBCCDD /* wood.mp3 */; };
		BA359EAADDB9576458E0F341 /* MetronomeActivityAttributes.swift in Sources */ = {isa = PBXBuildFile; fileRef = 2DF26192AEE8A64EBD0AB7EE /* MetronomeActivityAttributes.swift */; };
		BDAA9A83ADD0EF742C0F9944 /* TogglePlaybackIntent.swift in Sources */ = {isa = PBXBuildFile; fileRef = 39F5B1DB43F59DA18267798F /* TogglePlaybackIntent.swift */; };
		C64494D27F6A45455D30608C /* MetronomeWidgets.appex in Embed Foundation Extensions */ = {isa = PBXBuildFile; fileRef = 34C4DEF8BFF81A4C51628B6A /* MetronomeWidgets.appex */; settings = {ATTRIBUTES = (RemoveHeadersOnCopy, ); }; };
		CDE04C9B2F847E6100FBAFE7 /* FirebaseCrashlytics in Frameworks */ = {isa = PBXBuildFile; productRef = CDE04C9A2F847E6100FBAFE7 /* FirebaseCrashlytics */; };
		CDE04CA42F848C8800FBAFE7 /* metronome.wav in Resources */ = {isa = PBXBuildFile; fileRef = CDE04CA12F848C8800FBAFE7 /* metronome.wav */; };
		CDE04CA52F848C8800FBAFE7 /* click.mp3 in Resources */ = {isa = PBXBuildFile; fileRef = CDE04CA02F848C8800FBAFE7 /* click.mp3 */; };
		CDE04CA62F848C8800FBAFE7 /* wood.mp3 in Resources */ = {isa = PBXBuildFile; fileRef = CDE04CA22F848C8800FBAFE7 /* wood.mp3 */; };
		CDE04CA82F84C9A900FBAFE7 /* GoogleService-Info.plist in Resources */ = {isa = PBXBuildFile; fileRef = CDE04CA72F84C9A900FBAFE7 /* GoogleService-Info.plist */; };
		FF2247E6F0B6B8FF0BC8930A /* MetronomeLiveActivityWidget.swift in Sources */ = {isa = PBXBuildFile; fileRef = DC15D45B80072E131120A44B /* MetronomeLiveActivityWidget.swift */; };
/* End PBXBuildFile section */

/* Begin PBXContainerItemProxy section */
		F326B932655545A94EE4587F /* PBXContainerItemProxy */ = {
			isa = PBXContainerItemProxy;
			containerPortal = 7555FF73242A565900829871 /* Project object */;
			proxyType = 1;
			remoteGlobalIDString = 6A50B5D84AC0E3153D357AF6;
			remoteInfo = MetronomeWidgets;
		};
/* End PBXContainerItemProxy section */

/* Begin PBXCopyFilesBuildPhase section */
		CFF87A64ED5DC6C048E994D6 /* Embed Foundation Extensions */ = {
			isa = PBXCopyFilesBuildPhase;
			buildActionMask = 2147483647;
			dstPath = "";
			dstSubfolderSpec = 13;
			files = (
				C64494D27F6A45455D30608C /* MetronomeWidgets.appex in Embed Foundation Extensions */,
			);
			name = "Embed Foundation Extensions";
			runOnlyForDeploymentPostprocessing = 0;
		};
/* End PBXCopyFilesBuildPhase section */

/* Begin PBXFileReference section */
		01575CC13E3A1E3AD8708BE1 /* MetronomeWidgetsBundle.swift */ = {isa = PBXFileReference; includeInIndex = 1; lastKnownFileType = sourcecode.swift; path = MetronomeWidgetsBundle.swift; sourceTree = "<group>"; };
		2DF26192AEE8A64EBD0AB7EE /* MetronomeActivityAttributes.swift */ = {isa = PBXFileReference; includeInIndex = 1; lastKnownFileType = sourcecode.swift; path = MetronomeActivityAttributes.swift; sourceTree = "<group>"; };
		34C4DEF8BFF81A4C51628B6A /* MetronomeWidgets.appex */ = {isa = PBXFileReference; explicitFileType = "wrapper.app-extension"; includeInIndex = 0; path = MetronomeWidgets.appex; sourceTree = BUILT_PRODUCTS_DIR; };
		39F5B1DB43F59DA18267798F /* TogglePlaybackIntent.swift */ = {isa = PBXFileReference; includeInIndex = 1; lastKnownFileType = sourcecode.swift; path = TogglePlaybackIntent.swift; sourceTree = "<group>"; };
		7555FF7B242A565900829871 /* Metronome.app */ = {isa = PBXFileReference; explicitFileType = wrapper.application; includeInIndex = 0; path = Metronome.app; sourceTree = BUILT_PRODUCTS_DIR; };
		7555FF7E242A565900829871 /* iOSApp.swift */ = {isa = PBXFileReference; lastKnownFileType = sourcecode.swift; path = iOSApp.swift; sourceTree = "<group>"; };
		7555FF80242A565900829871 /* ContentView.swift */ = {isa = PBXFileReference; lastKnownFileType = sourcecode.swift; path = ContentView.swift; sourceTree = "<group>"; };
		7555FF82242A565B00829871 /* Assets.xcassets */ = {isa = PBXFileReference; lastKnownFileType = folder.assetcatalog; path = Assets.xcassets; sourceTree = "<group>"; };
		7555FF87242A565B00829871 /* Info.plist */ = {isa = PBXFileReference; lastKnownFileType = text.plist.xml; path = Info.plist; sourceTree = "<group>"; };
		9587F905A9AE1187FC2B4DFE /* Foundation.framework */ = {isa = PBXFileReference; lastKnownFileType = wrapper.framework; name = Foundation.framework; path = Platforms/iPhoneOS.platform/Developer/SDKs/iPhoneOS18.0.sdk/System/Library/Frameworks/Foundation.framework; sourceTree = DEVELOPER_DIR; };
		A1B2C3D4E5F60002AABBCCDD /* wood.mp3 */ = {isa = PBXFileReference; lastKnownFileType = audio.mp3; path = wood.mp3; sourceTree = "<group>"; };
		A1B2C3D4E5F60003AABBCCDD /* Config.xcconfig */ = {isa = PBXFileReference; lastKnownFileType = text.xcconfig; path = Config.xcconfig; sourceTree = "<group>"; };
		AD04B47EF44FC631F290B988 /* MetronomeLiveActivityManager.swift */ = {isa = PBXFileReference; includeInIndex = 1; lastKnownFileType = sourcecode.swift; path = MetronomeLiveActivityManager.swift; sourceTree = "<group>"; };
		B8802066377C48C0993287A7 /* Info.plist */ = {isa = PBXFileReference; includeInIndex = 1; lastKnownFileType = text.plist.xml; path = Info.plist; sourceTree = "<group>"; };
		CDE04CA02F848C8800FBAFE7 /* click.mp3 */ = {isa = PBXFileReference; lastKnownFileType = audio.mp3; path = click.mp3; sourceTree = "<group>"; };
		CDE04CA12F848C8800FBAFE7 /* metronome.wav */ = {isa = PBXFileReference; lastKnownFileType = audio.wav; path = metronome.wav; sourceTree = "<group>"; };
		CDE04CA22F848C8800FBAFE7 /* wood.mp3 */ = {isa = PBXFileReference; lastKnownFileType = audio.mp3; path = wood.mp3; sourceTree = "<group>"; };
		CDE04CA72F84C9A900FBAFE7 /* GoogleService-Info.plist */ = {isa = PBXFileReference; lastKnownFileType = text.plist.xml; path = "GoogleService-Info.plist"; sourceTree = "<group>"; };
		DC15D45B80072E131120A44B /* MetronomeLiveActivityWidget.swift */ = {isa = PBXFileReference; includeInIndex = 1; lastKnownFileType = sourcecode.swift; path = MetronomeLiveActivityWidget.swift; sourceTree = "<group>"; };
/* End PBXFileReference section */

/* Begin PBXFrameworksBuildPhase section */
		7555FF78242A565900829871 /* Frameworks */ = {
			isa = PBXFrameworksBuildPhase;
			buildActionMask = 2147483647;
			files = (
				CDE04C9B2F847E6100FBAFE7 /* FirebaseCrashlytics in Frameworks */,
			);
			runOnlyForDeploymentPostprocessing = 0;
		};
		A8CDF23486580C6A5114C733 /* Frameworks */ = {
			isa = PBXFrameworksBuildPhase;
			buildActionMask = 2147483647;
			files = (
				73274C484C26C38DD85E1411 /* Foundation.framework in Frameworks */,
			);
			runOnlyForDeploymentPostprocessing = 0;
		};
/* End PBXFrameworksBuildPhase section */

/* Begin PBXGroup section */
		2C5028F41996CED2DAEDFD8C /* LiveActivity */ = {
			isa = PBXGroup;
			children = (
				2DF26192AEE8A64EBD0AB7EE /* MetronomeActivityAttributes.swift */,
				39F5B1DB43F59DA18267798F /* TogglePlaybackIntent.swift */,
				AD04B47EF44FC631F290B988 /* MetronomeLiveActivityManager.swift */,
			);
			path = LiveActivity;
			sourceTree = "<group>";
		};
		5AA556A2A414661FC67497B0 /* iOS */ = {
			isa = PBXGroup;
			children = (
				9587F905A9AE1187FC2B4DFE /* Foundation.framework */,
			);
			name = iOS;
			sourceTree = "<group>";
		};
		7555FF72242A565900829871 = {
			isa = PBXGroup;
			children = (
				7555FF7D242A565900829871 /* iosApp */,
				A1B2C3D4E5F60004AABBCCDD /* Configuration */,
				7555FF7C242A565900829871 /* Products */,
				804C982DE8330DF315B58003 /* Frameworks */,
				75CBB2103A824E9134CED3FB /* MetronomeWidgets */,
			);
			sourceTree = "<group>";
		};
		7555FF7C242A565900829871 /* Products */ = {
			isa = PBXGroup;
			children = (
				7555FF7B242A565900829871 /* Metronome.app */,
				34C4DEF8BFF81A4C51628B6A /* MetronomeWidgets.appex */,
			);
			name = Products;
			sourceTree = "<group>";
		};
		7555FF7D242A565900829871 /* iosApp */ = {
			isa = PBXGroup;
			children = (
				CDE04CA32F848C8800FBAFE7 /* Resources */,
				7555FF7E242A565900829871 /* iOSApp.swift */,
				7555FF80242A565900829871 /* ContentView.swift */,
				7555FF82242A565B00829871 /* Assets.xcassets */,
				7555FF87242A565B00829871 /* Info.plist */,
				A1B2C3D4E5F60005AABBCCDD /* Resources */,
				CDE04CA72F84C9A900FBAFE7 /* GoogleService-Info.plist */,
				2C5028F41996CED2DAEDFD8C /* LiveActivity */,
			);
			path = iosApp;
			sourceTree = "<group>";
		};
		75CBB2103A824E9134CED3FB /* MetronomeWidgets */ = {
			isa = PBXGroup;
			children = (
				01575CC13E3A1E3AD8708BE1 /* MetronomeWidgetsBundle.swift */,
				DC15D45B80072E131120A44B /* MetronomeLiveActivityWidget.swift */,
				B8802066377C48C0993287A7 /* Info.plist */,
			);
			path = MetronomeWidgets;
			sourceTree = "<group>";
		};
		804C982DE8330DF315B58003 /* Frameworks */ = {
			isa = PBXGroup;
			children = (
				5AA556A2A414661FC67497B0 /* iOS */,
			);
			name = Frameworks;
			sourceTree = "<group>";
		};
		A1B2C3D4E5F60004AABBCCDD /* Configuration */ = {
			isa = PBXGroup;
			children = (
				A1B2C3D4E5F60003AABBCCDD /* Config.xcconfig */,
			);
			path = Configuration;
			sourceTree = "<group>";
		};
		A1B2C3D4E5F60005AABBCCDD /* Resources */ = {
			isa = PBXGroup;
			children = (
				A1B2C3D4E5F60002AABBCCDD /* wood.mp3 */,
			);
			path = Resources;
			sourceTree = "<group>";
		};
		CDE04CA32F848C8800FBAFE7 /* Resources */ = {
			isa = PBXGroup;
			children = (
				CDE04CA02F848C8800FBAFE7 /* click.mp3 */,
				CDE04CA12F848C8800FBAFE7 /* metronome.wav */,
				CDE04CA22F848C8800FBAFE7 /* wood.mp3 */,
			);
			path = Resources;
			sourceTree = "<group>";
		};
/* End PBXGroup section */

/* Begin PBXNativeTarget section */
		6A50B5D84AC0E3153D357AF6 /* MetronomeWidgets */ = {
			isa = PBXNativeTarget;
			buildConfigurationList = D14439BC3E00E22E9B805D6C /* Build configuration list for PBXNativeTarget "MetronomeWidgets" */;
			buildPhases = (
				BEA669360B7C634390700CAC /* Sources */,
				A8CDF23486580C6A5114C733 /* Frameworks */,
				CC0FAB03572B6A74E718101C /* Resources */,
			);
			buildRules = (
			);
			dependencies = (
			);
			name = MetronomeWidgets;
			productName = MetronomeWidgets;
			productReference = 34C4DEF8BFF81A4C51628B6A /* MetronomeWidgets.appex */;
			productType = "com.apple.product-type.app-extension";
		};
		7555FF7A242A565900829871 /* Metronome */ = {
			isa = PBXNativeTarget;
			buildConfigurationList = 7555FFA5242A565B00829871 /* Build configuration list for PBXNativeTarget "Metronome" */;
			buildPhases = (
				F1A2B3C4D5E6F7A800112233 /* Compile Kotlin Framework */,
				7555FF77242A565900829871 /* Sources */,
				7555FF78242A565900829871 /* Frameworks */,
				7555FF79242A565900829871 /* Resources */,
				CFF87A64ED5DC6C048E994D6 /* Embed Foundation Extensions */,
			);
			buildRules = (
			);
			dependencies = (
				47949923F9D3BC8441799948 /* PBXTargetDependency */,
			);
			name = Metronome;
			productName = iosApp;
			productReference = 7555FF7B242A565900829871 /* Metronome.app */;
			productType = "com.apple.product-type.application";
		};
/* End PBXNativeTarget section */

/* Begin PBXProject section */
		7555FF73242A565900829871 /* Project object */ = {
			isa = PBXProject;
			attributes = {
				BuildIndependentTargetsInParallel = 1;
				LastSwiftUpdateCheck = 1540;
				LastUpgradeCheck = 1540;
				TargetAttributes = {
					7555FF7A242A565900829871 = {
						CreatedOnToolsVersion = 15.4;
					};
				};
			};
			buildConfigurationList = 7555FF76242A565900829871 /* Build configuration list for PBXProject "Metronome" */;
			compatibilityVersion = "Xcode 14.0";
			developmentRegion = en;
			hasScannedForEncodings = 0;
			knownRegions = (
				en,
				Base,
			);
			mainGroup = 7555FF72242A565900829871;
			packageReferences = (
				CDE04C992F847E6100FBAFE7 /* XCRemoteSwiftPackageReference "firebase-ios-sdk" */,
			);
			productRefGroup = 7555FF7C242A565900829871 /* Products */;
			projectDirPath = "";
			projectRoot = "";
			targets = (
				7555FF7A242A565900829871 /* Metronome */,
				6A50B5D84AC0E3153D357AF6 /* MetronomeWidgets */,
			);
		};
/* End PBXProject section */

/* Begin PBXResourcesBuildPhase section */
		7555FF79242A565900829871 /* Resources */ = {
			isa = PBXResourcesBuildPhase;
			buildActionMask = 2147483647;
			files = (
				7555FF83242A565B00829871 /* Assets.xcassets in Resources */,
				CDE04CA82F84C9A900FBAFE7 /* GoogleService-Info.plist in Resources */,
				CDE04CA42F848C8800FBAFE7 /* metronome.wav in Resources */,
				CDE04CA52F848C8800FBAFE7 /* click.mp3 in Resources */,
				CDE04CA62F848C8800FBAFE7 /* wood.mp3 in Resources */,
				A1B2C3D4E5F60001AABBCCDD /* wood.mp3 in Resources */,
			);
			runOnlyForDeploymentPostprocessing = 0;
		};
		CC0FAB03572B6A74E718101C /* Resources */ = {
			isa = PBXResourcesBuildPhase;
			buildActionMask = 2147483647;
			files = (
			);
			runOnlyForDeploymentPostprocessing = 0;
		};
/* End PBXResourcesBuildPhase section */

/* Begin PBXShellScriptBuildPhase section */
		F1A2B3C4D5E6F7A800112233 /* Compile Kotlin Framework */ = {
			isa = PBXShellScriptBuildPhase;
			buildActionMask = 2147483647;
			files = (
			);
			inputFileListPaths = (
			);
			inputPaths = (
			);
			name = "Compile Kotlin Framework";
			outputFileListPaths = (
			);
			outputPaths = (
			);
			runOnlyForDeploymentPostprocessing = 0;
			shellPath = /bin/sh;
			shellScript = "cd \"$SRCROOT/..\"\n./gradlew :shared:embedAndSignAppleFrameworkForXcode\n";
		};
/* End PBXShellScriptBuildPhase section */

/* Begin PBXSourcesBuildPhase section */
		7555FF77242A565900829871 /* Sources */ = {
			isa = PBXSourcesBuildPhase;
			buildActionMask = 2147483647;
			files = (
				7555FF81242A565900829871 /* ContentView.swift in Sources */,
				7555FF7F242A565900829871 /* iOSApp.swift in Sources */,
				1800B61A39D9BBFFCF68702A /* MetronomeActivityAttributes.swift in Sources */,
				BDAA9A83ADD0EF742C0F9944 /* TogglePlaybackIntent.swift in Sources */,
				4F09221F8AFE9BA28EF42FAE /* MetronomeLiveActivityManager.swift in Sources */,
			);
			runOnlyForDeploymentPostprocessing = 0;
		};
		BEA669360B7C634390700CAC /* Sources */ = {
			isa = PBXSourcesBuildPhase;
			buildActionMask = 2147483647;
			files = (
				721E3D530C4A0050AC27866F /* MetronomeWidgetsBundle.swift in Sources */,
				FF2247E6F0B6B8FF0BC8930A /* MetronomeLiveActivityWidget.swift in Sources */,
				BA359EAADDB9576458E0F341 /* MetronomeActivityAttributes.swift in Sources */,
				0EBC7A3529F7EAFA36891A27 /* TogglePlaybackIntent.swift in Sources */,
			);
			runOnlyForDeploymentPostprocessing = 0;
		};
/* End PBXSourcesBuildPhase section */

/* Begin PBXTargetDependency section */
		47949923F9D3BC8441799948 /* PBXTargetDependency */ = {
			isa = PBXTargetDependency;
			name = MetronomeWidgets;
			target = 6A50B5D84AC0E3153D357AF6 /* MetronomeWidgets */;
			targetProxy = F326B932655545A94EE4587F /* PBXContainerItemProxy */;
		};
/* End PBXTargetDependency section */

/* Begin XCBuildConfiguration section */
		05CCE0C3BC5FADD9E591BC9A /* Release */ = {
			isa = XCBuildConfiguration;
			buildSettings = {
				CLANG_ENABLE_OBJC_WEAK = NO;
				CODE_SIGN_STYLE = Automatic;
				CURRENT_PROJECT_VERSION = 1;
				DEVELOPMENT_TEAM = P47X2292CM;
				GENERATE_INFOPLIST_FILE = NO;
				INFOPLIST_FILE = MetronomeWidgets/Info.plist;
				IPHONEOS_DEPLOYMENT_TARGET = 17.0;
				MARKETING_VERSION = 1.0;
				PRODUCT_BUNDLE_IDENTIFIER = com.merkost.metronome.widgets;
				PRODUCT_NAME = "$(TARGET_NAME)";
				SDKROOT = iphoneos;
				SWIFT_ACTIVE_COMPILATION_CONDITIONS = "$(inherited) WIDGET_EXTENSION";
				SWIFT_VERSION = 5.0;
				TARGETED_DEVICE_FAMILY = "1,2";
				VALIDATE_PRODUCT = YES;
			};
			name = Release;
		};
		7555FFA3242A565B00829871 /* Debug */ = {
			isa = XCBuildConfiguration;
			baseConfigurationReference = A1B2C3D4E5F60003AABBCCDD /* Config.xcconfig */;
			buildSettings = {
				ALWAYS_SEARCH_USER_PATHS = NO;
				CLANG_ANALYZER_NONNULL = YES;
				CLANG_ANALYZER_NUMBER_OBJECT_CONVERSION = YES_AGGRESSIVE;
				CLANG_CXX_LANGUAGE_STANDARD = "gnu++20";
				CLANG_ENABLE_MODULES = YES;
				CLANG_ENABLE_OBJC_ARC = YES;
				CLANG_ENABLE_OBJC_WEAK = YES;
				CLANG_WARN_BLOCK_CAPTURE_AUTORELEASING = YES;
				CLANG_WARN_BOOL_CONVERSION = YES;
				CLANG_WARN_COMMA = YES;
				CLANG_WARN_CONSTANT_CONVERSION = YES;
				CLANG_WARN_DEPRECATED_OBJC_IMPLEMENTATIONS = YES;
				CLANG_WARN_DIRECT_OBJC_ISA_USAGE = YES_ERROR;
				CLANG_WARN_DOCUMENTATION_COMMENTS = YES;
				CLANG_WARN_EMPTY_BODY = YES;
				CLANG_WARN_ENUM_CONVERSION = YES;
				CLANG_WARN_INFINITE_RECURSION = YES;
				CLANG_WARN_INT_CONVERSION = YES;
				CLANG_WARN_NON_LITERAL_NULL_CONVERSION = YES;
				CLANG_WARN_OBJC_IMPLICIT_RETAIN_SELF = YES;
				CLANG_WARN_OBJC_LITERAL_CONVERSION = YES;
				CLANG_WARN_OBJC_ROOT_CLASS = YES_ERROR;
				CLANG_WARN_QUOTED_INCLUDE_IN_FRAMEWORK_HEADER = YES;
				CLANG_WARN_RANGE_LOOP_ANALYSIS = YES;
				CLANG_WARN_STRICT_PROTOTYPES = YES;
				CLANG_WARN_SUSPICIOUS_MOVE = YES;
				CLANG_WARN_UNGUARDED_AVAILABILITY = YES_AGGRESSIVE;
				CLANG_WARN_UNREACHABLE_CODE = YES;
				CLANG_WARN__DUPLICATE_METHOD_MATCH = YES;
				COPY_PHASE_STRIP = NO;
				DEBUG_INFORMATION_FORMAT = dwarf;
				ENABLE_STRICT_OBJC_MSGSEND = YES;
				ENABLE_TESTABILITY = YES;
				ENABLE_USER_SCRIPT_SANDBOXING = NO;
				GCC_C_LANGUAGE_STANDARD = gnu17;
				GCC_DYNAMIC_NO_PIC = NO;
				GCC_NO_COMMON_BLOCKS = YES;
				GCC_OPTIMIZATION_LEVEL = 0;
				GCC_PREPROCESSOR_DEFINITIONS = (
					"DEBUG=1",
					"$(inherited)",
				);
				GCC_WARN_64_TO_32_BIT_CONVERSION = YES;
				GCC_WARN_ABOUT_RETURN_TYPE = YES_ERROR;
				GCC_WARN_UNDECLARED_SELECTOR = YES;
				GCC_WARN_UNINITIALIZED_AUTOS = YES_AGGRESSIVE;
				GCC_WARN_UNUSED_FUNCTION = YES;
				GCC_WARN_UNUSED_VARIABLE = YES;
				IPHONEOS_DEPLOYMENT_TARGET = 16.0;
				MTL_ENABLE_DEBUG_INFO = INCLUDE_SOURCE;
				MTL_FAST_MATH = YES;
				ONLY_ACTIVE_ARCH = YES;
				SDKROOT = iphoneos;
				SWIFT_ACTIVE_COMPILATION_CONDITIONS = "$(inherited) DEBUG";
				SWIFT_OPTIMIZATION_LEVEL = "-Onone";
			};
			name = Debug;
		};
		7555FFA4242A565B00829871 /* Release */ = {
			isa = XCBuildConfiguration;
			baseConfigurationReference = A1B2C3D4E5F60003AABBCCDD /* Config.xcconfig */;
			buildSettings = {
				ALWAYS_SEARCH_USER_PATHS = NO;
				CLANG_ANALYZER_NONNULL = YES;
				CLANG_ANALYZER_NUMBER_OBJECT_CONVERSION = YES_AGGRESSIVE;
				CLANG_CXX_LANGUAGE_STANDARD = "gnu++20";
				CLANG_ENABLE_MODULES = YES;
				CLANG_ENABLE_OBJC_ARC = YES;
				CLANG_ENABLE_OBJC_WEAK = YES;
				CLANG_WARN_BLOCK_CAPTURE_AUTORELEASING = YES;
				CLANG_WARN_BOOL_CONVERSION = YES;
				CLANG_WARN_COMMA = YES;
				CLANG_WARN_CONSTANT_CONVERSION = YES;
				CLANG_WARN_DEPRECATED_OBJC_IMPLEMENTATIONS = YES;
				CLANG_WARN_DIRECT_OBJC_ISA_USAGE = YES_ERROR;
				CLANG_WARN_DOCUMENTATION_COMMENTS = YES;
				CLANG_WARN_EMPTY_BODY = YES;
				CLANG_WARN_ENUM_CONVERSION = YES;
				CLANG_WARN_INFINITE_RECURSION = YES;
				CLANG_WARN_INT_CONVERSION = YES;
				CLANG_WARN_NON_LITERAL_NULL_CONVERSION = YES;
				CLANG_WARN_OBJC_IMPLICIT_RETAIN_SELF = YES;
				CLANG_WARN_OBJC_LITERAL_CONVERSION = YES;
				CLANG_WARN_OBJC_ROOT_CLASS = YES_ERROR;
				CLANG_WARN_QUOTED_INCLUDE_IN_FRAMEWORK_HEADER = YES;
				CLANG_WARN_RANGE_LOOP_ANALYSIS = YES;
				CLANG_WARN_STRICT_PROTOTYPES = YES;
				CLANG_WARN_SUSPICIOUS_MOVE = YES;
				CLANG_WARN_UNGUARDED_AVAILABILITY = YES_AGGRESSIVE;
				CLANG_WARN_UNREACHABLE_CODE = YES;
				CLANG_WARN__DUPLICATE_METHOD_MATCH = YES;
				COPY_PHASE_STRIP = NO;
				DEBUG_INFORMATION_FORMAT = "dwarf-with-dsym";
				ENABLE_NS_ASSERTIONS = NO;
				ENABLE_STRICT_OBJC_MSGSEND = YES;
				ENABLE_USER_SCRIPT_SANDBOXING = NO;
				GCC_C_LANGUAGE_STANDARD = gnu17;
				GCC_NO_COMMON_BLOCKS = YES;
				GCC_WARN_64_TO_32_BIT_CONVERSION = YES;
				GCC_WARN_ABOUT_RETURN_TYPE = YES_ERROR;
				GCC_WARN_UNDECLARED_SELECTOR = YES;
				GCC_WARN_UNINITIALIZED_AUTOS = YES_AGGRESSIVE;
				GCC_WARN_UNUSED_FUNCTION = YES;
				GCC_WARN_UNUSED_VARIABLE = YES;
				IPHONEOS_DEPLOYMENT_TARGET = 16.0;
				MTL_ENABLE_DEBUG_INFO = NO;
				MTL_FAST_MATH = YES;
				SDKROOT = iphoneos;
				SWIFT_COMPILATION_MODE = wholemodule;
				VALIDATE_PRODUCT = YES;
			};
			name = Release;
		};
		7555FFA6242A565B00829871 /* Debug */ = {
			isa = XCBuildConfiguration;
			buildSettings = {
				ASSETCATALOG_COMPILER_APPICON_NAME = AppIcon;
				ASSETCATALOG_COMPILER_GLOBAL_ACCENT_COLOR_NAME = AccentColor;
				CODE_SIGN_STYLE = Automatic;
				DEVELOPMENT_TEAM = P47X2292CM;
				INFOPLIST_FILE = iosApp/Info.plist;
				INFOPLIST_KEY_CFBundleDisplayName = Metronome;
				INFOPLIST_KEY_LSApplicationCategoryType = "public.app-category.productivity";
				LD_RUNPATH_SEARCH_PATHS = (
					"$(inherited)",
					"@executable_path/Frameworks",
				);
				PRODUCT_BUNDLE_IDENTIFIER = com.merkost.metronome;
				PRODUCT_NAME = Metronome;
				SWIFT_VERSION = 5.0;
				TARGETED_DEVICE_FAMILY = "1,2";
			};
			name = Debug;
		};
		7555FFA7242A565B00829871 /* Release */ = {
			isa = XCBuildConfiguration;
			buildSettings = {
				ASSETCATALOG_COMPILER_APPICON_NAME = AppIcon;
				ASSETCATALOG_COMPILER_GLOBAL_ACCENT_COLOR_NAME = AccentColor;
				CODE_SIGN_STYLE = Automatic;
				DEVELOPMENT_TEAM = P47X2292CM;
				INFOPLIST_FILE = iosApp/Info.plist;
				INFOPLIST_KEY_CFBundleDisplayName = Metronome;
				INFOPLIST_KEY_LSApplicationCategoryType = "public.app-category.productivity";
				LD_RUNPATH_SEARCH_PATHS = (
					"$(inherited)",
					"@executable_path/Frameworks",
				);
				PRODUCT_BUNDLE_IDENTIFIER = com.merkost.metronome;
				PRODUCT_NAME = Metronome;
				SWIFT_VERSION = 5.0;
				TARGETED_DEVICE_FAMILY = "1,2";
			};
			name = Release;
		};
		D7F5EEDCBF63B65EC2DDFC32 /* Debug */ = {
			isa = XCBuildConfiguration;
			buildSettings = {
				CLANG_ENABLE_OBJC_WEAK = NO;
				CODE_SIGN_STYLE = Automatic;
				CURRENT_PROJECT_VERSION = 1;
				DEVELOPMENT_TEAM = P47X2292CM;
				GENERATE_INFOPLIST_FILE = NO;
				INFOPLIST_FILE = MetronomeWidgets/Info.plist;
				IPHONEOS_DEPLOYMENT_TARGET = 17.0;
				MARKETING_VERSION = 1.0;
				PRODUCT_BUNDLE_IDENTIFIER = com.merkost.metronome.widgets;
				PRODUCT_NAME = "$(TARGET_NAME)";
				SDKROOT = iphoneos;
				SWIFT_ACTIVE_COMPILATION_CONDITIONS = "$(inherited) WIDGET_EXTENSION";
				SWIFT_VERSION = 5.0;
				TARGETED_DEVICE_FAMILY = "1,2";
			};
			name = Debug;
		};
/* End XCBuildConfiguration section */

/* Begin XCConfigurationList section */
		7555FF76242A565900829871 /* Build configuration list for PBXProject "Metronome" */ = {
			isa = XCConfigurationList;
			buildConfigurations = (
				7555FFA3242A565B00829871 /* Debug */,
				7555FFA4242A565B00829871 /* Release */,
			);
			defaultConfigurationIsVisible = 0;
			defaultConfigurationName = Release;
		};
		7555FFA5242A565B00829871 /* Build configuration list for PBXNativeTarget "Metronome" */ = {
			isa = XCConfigurationList;
			buildConfigurations = (
				7555FFA6242A565B00829871 /* Debug */,
				7555FFA7242A565B00829871 /* Release */,
			);
			defaultConfigurationIsVisible = 0;
			defaultConfigurationName = Release;
		};
		D14439BC3E00E22E9B805D6C /* Build configuration list for PBXNativeTarget "MetronomeWidgets" */ = {
			isa = XCConfigurationList;
			buildConfigurations = (
				05CCE0C3BC5FADD9E591BC9A /* Release */,
				D7F5EEDCBF63B65EC2DDFC32 /* Debug */,
			);
			defaultConfigurationIsVisible = 0;
			defaultConfigurationName = Release;
		};
/* End XCConfigurationList section */

/* Begin XCRemoteSwiftPackageReference section */
		CDE04C992F847E6100FBAFE7 /* XCRemoteSwiftPackageReference "firebase-ios-sdk" */ = {
			isa = XCRemoteSwiftPackageReference;
			repositoryURL = "https://github.com/firebase/firebase-ios-sdk.git";
			requirement = {
				kind = upToNextMajorVersion;
				minimumVersion = 12.12.0;
			};
		};
/* End XCRemoteSwiftPackageReference section */

/* Begin XCSwiftPackageProductDependency section */
		CDE04C9A2F847E6100FBAFE7 /* FirebaseCrashlytics */ = {
			isa = XCSwiftPackageProductDependency;
			package = CDE04C992F847E6100FBAFE7 /* XCRemoteSwiftPackageReference "firebase-ios-sdk" */;
			productName = FirebaseCrashlytics;
		};
/* End XCSwiftPackageProductDependency section */
	};
	rootObject = 7555FF73242A565900829871 /* Project object */;
}
